
Microsoft Visual Studio Solution File, Format Version 12.00
# Visual Studio Version 17
VisualStudioVersion = 17.5.33530.505
MinimumVisualStudioVersion = 10.0.40219.1
Project("{FAE04EC0-301F-11D3-BF4B-00C04F79EFBC}") = "PrivateLesson.WebUI", "PrivateLesson.WebUI\PrivateLesson.WebUI.csproj", "{52A33007-7D02-4855-9891-DFD744F668E8}"
EndProject
Project("{FAE04EC0-301F-11D3-BF4B-00C04F79EFBC}") = "PrivateLesson.Entity", "PrivateLesson.Entity\PrivateLesson.Entity.csproj", "{FB9F4209-F375-484A-A055-6A3DC0C3DC59}"
EndProject
Project("{FAE04EC0-301F-11D3-BF4B-00C04F79EFBC}") = "PrivateLesson.Data", "PrivateLesson.Data\PrivateLesson.Data.csproj", "{03BAF695-A2D7-4F72-A27D-EC783308E11D}"
EndProject
Project("{FAE04EC0-301F-11D3-BF4B-00C04F79EFBC}") = "PrivateLesson.Business", "PrivateLesson.Business\PrivateLesson.Business.csproj", "{37667506-C00C-4B06-8879-34BB67939E88}"
EndProject
Project("{FAE04EC0-301F-11D3-BF4B-00C04F79EFBC}") = "PrivateLesson.Core", "PrivateLesson.Core\PrivateLesson.Core.csproj", "{AC5AA37D-8B56-46C2-9E52-F22220FE0DBD}"
EndProject
Global
	GlobalSection(SolutionConfigurationPlatforms) = preSolution
		Debug|Any CPU = Debug|Any CPU
		Release|Any CPU = Release|Any CPU
	EndGlobalSection
	GlobalSection(ProjectConfigurationPlatforms) = postSolution
		{52A33007-7D02-4855-9891-DFD744F668E8}.Debug|Any CPU.ActiveCfg = Debug|Any CPU
		{52A33007-7D02-4855-9891-DFD744F668E8}.Debug|Any CPU.Build.0 = Debug|Any CPU
		{52A33007-7D02-4855-9891-DFD744F668E8}.Release|Any CPU.ActiveCfg = Release|Any CPU
		{52A33007-7D02-4855-9891-DFD744F668E8}.Release|Any CPU.Build.0 = Release|Any CPU
		{FB9F4209-F375-484A-A055-6A3DC0C3DC59}.Debug|Any CPU.ActiveCfg = Debug|Any CPU
		{FB9F4209-F375-484A-A055-6A3DC0C3DC59}.Debug|Any CPU.Build.0 = Debug|Any CPU
		{FB9F4209-F375-484A-A055-6A3DC0C3DC59}.Release|Any CPU.ActiveCfg = Release|Any CPU
		{FB9F4209-F375-484A-A055-6A3DC0C3DC59}.Release|Any CPU.Build.0 = Release|Any CPU
		{03BAF695-A2D7-4F72-A27D-EC783308E11D}.Debug|Any CPU.ActiveCfg = Debug|Any CPU
		{03BAF695-A2D7-4F72-A27D-EC783308E11D}.Debug|Any CPU.Build.0 = Debug|Any CPU
		{03BAF695-A2D7-4F72-A27D-EC783308E11D}.Release|Any CPU.ActiveCfg = Release|Any CPU
		{03BAF695-A2D7-4F72-A27D-EC783308E11D}.Release|Any CPU.Build.0 = Release|Any CPU
		{37667506-C00C-4B06-8879-34BB67939E88}.Debug|Any CPU.ActiveCfg = Debug|Any CPU
		{37667506-C00C-4B06-8879-34BB67939E88}.Debug|Any CPU.Build.0 = Debug|Any CPU
		{37667506-C00C-4B06-8879-34BB67939E88}.Release|Any CPU.ActiveCfg = Release|Any CPU
		{37667506-C00C-4B06-8879-34BB67939E88}.Release|Any CPU.Build.0 = Release|Any CPU
		{AC5AA37D-8B56-46C2-9E52-F22220FE0DBD}.Debug|Any CPU.ActiveCfg = Debug|Any CPU
		{AC5AA37D-8B56-46C2-9E52-F22220FE0DBD}.Debug|Any CPU.Build.0 = Debug|Any CPU
		{AC5AA37D-8B56-46C2-9E52-F22220FE0DBD}.Release|Any CPU.ActiveCfg = Release|Any CPU
		{AC5AA37D-8B56-46C2-9E52-F22220FE0DBD}.Release|Any CPU.Build.0 = Release|Any CPU
	EndGlobalSection
	GlobalSection(SolutionProperties) = preSolution
		HideSolutionNode = FALSE
	EndGlobalSection
	GlobalSection(ExtensibilityGlobals) = postSolution
		SolutionGuid = {64E9C0B6-AECA-4D66-A077-C0376A23A105}
	EndGlobalSection
EndGlobal
